
Microsoft Visual Studio Solution File, Format Version 12.00
# Visual Studio 14
VisualStudioVersion = 14.0.23107.0
MinimumVisualStudioVersion = 10.0.40219.1
Project("{FAE04EC0-301F-11D3-BF4B-00C04F79EFBC}") = "SampleWebApplication", "SampleWebApplication\SampleWebApplication.csproj", "{C212DFDE-A0F5-4C07-BB40-3B9DAD8C3AE5}"
EndProject
Project("{FAE04EC0-301F-11D3-BF4B-00C04F79EFBC}") = "SampleWebApplication.Tests", "SampleWebApplication.Tests\SampleWebApplication.Tests.csproj", "{A170054E-52D9-4650-ABF2-416227975B28}"
EndProject
Global
	GlobalSection(SolutionConfigurationPlatforms) = preSolution
		Debug|Any CPU = Debug|Any CPU
		Release|Any CPU = Release|Any CPU
	EndGlobalSection
	GlobalSection(ProjectConfigurationPlatforms) = postSolution
		{C212DFDE-A0F5-4C07-BB40-3B9DAD8C3AE5}.Debug|Any CPU.ActiveCfg = Debug|Any CPU
		{C212DFDE-A0F5-4C07-BB40-3B9DAD8C3AE5}.Debug|Any CPU.Build.0 = Debug|Any CPU
		{C212DFDE-A0F5-4C07-BB40-3B9DAD8C3AE5}.Release|Any CPU.ActiveCfg = Release|Any CPU
		{C212DFDE-A0F5-4C07-BB40-3B9DAD8C3AE5}.Release|Any CPU.Build.0 = Release|Any CPU
		{A170054E-52D9-4650-ABF2-416227975B28}.Debug|Any CPU.ActiveCfg = Debug|Any CPU
		{A170054E-52D9-4650-ABF2-416227975B28}.Debug|Any CPU.Build.0 = Debug|Any CPU
		{A170054E-52D9-4650-ABF2-416227975B28}.Release|Any CPU.ActiveCfg = Release|Any CPU
		{A170054E-52D9-4650-ABF2-416227975B28}.Release|Any CPU.Build.0 = Release|Any CPU
	EndGlobalSection
	GlobalSection(SolutionProperties) = preSolution
		HideSolutionNode = FALSE
	EndGlobalSection
EndGlobal
